
Microsoft Visual Studio Solution File, Format Version 12.00
# Visual Studio Version 17
VisualStudioVersion = 17.0.32014.148
MinimumVisualStudioVersion = 10.0.40219.1
Project("{2150E333-8FDC-42A3-9474-1A3956D46DE8}") = "HelloWorld1", "HelloWorld1", "{C32EE643-CC5A-4410-902C-8BE5C5829BBE}"
EndProject
Project("{9A19103F-16F7-4668-BE54-9A1E7A4F7556}") = "Client", "..\..\projects\orleans\hello-world\client\Client.csproj", "{537B67A1-789F-49E4-A496-38162CD51F98}"
EndProject
Project("{9A19103F-16F7-4668-BE54-9A1E7A4F7556}") = "Grains", "..\..\projects\orleans\hello-world\grains\Grains.csproj", "{04437294-CF29-475E-8755-1591DDF6016A}"
EndProject
Project("{9A19103F-16F7-4668-BE54-9A1E7A4F7556}") = "Silo", "..\..\projects\orleans\hello-world\silo\Silo.csproj", "{447701E3-39DF-4517-B304-CE22D8395681}"
EndProject
Project("{2150E333-8FDC-42A3-9474-1A3956D46DE8}") = "HelloWorld2", "HelloWorld2", "{14BD4E15-D2E2-4C10-B421-C3514EFA6852}"
EndProject
Project("{9A19103F-16F7-4668-BE54-9A1E7A4F7556}") = "Client", "..\..\projects\orleans\hello-world-2\client\Client.csproj", "{5AC672BE-B7DB-4CC3-BBD9-B32F7B3647C2}"
EndProject
Project("{9A19103F-16F7-4668-BE54-9A1E7A4F7556}") = "Grains", "..\..\projects\orleans\hello-world-2\grains\Grains.csproj", "{3CABD0BF-ABCD-4590-80DB-3B0A6D9AC035}"
EndProject
Project("{9A19103F-16F7-4668-BE54-9A1E7A4F7556}") = "Silo", "..\..\projects\orleans\hello-world-2\silo\Silo.csproj", "{47A980A8-38A3-4551-A6A1-EF5FC8A1D73D}"
EndProject
Project("{2150E333-8FDC-42A3-9474-1A3956D46DE8}") = "HelloWorld3", "HelloWorld3", "{5594721A-0113-4D56-8F45-16956F954791}"
EndProject
Project("{9A19103F-16F7-4668-BE54-9A1E7A4F7556}") = "hello-world", "..\..\projects\orleans\hello-world-3\hello-world.csproj", "{18C21570-BF31-4D3E-87D4-8B601477A079}"
EndProject
Project("{2150E333-8FDC-42A3-9474-1A3956D46DE8}") = "HelloWorld4", "HelloWorld4", "{0A2DD843-5CEA-4DD4-A2EF-8AF17675285E}"
EndProject
Project("{9A19103F-16F7-4668-BE54-9A1E7A4F7556}") = "hello-world", "..\..\projects\orleans\hello-world-4\hello-world.csproj", "{53BC9E22-FD01-4D9B-AE2B-80C2ECA2C305}"
EndProject
Project("{2150E333-8FDC-42A3-9474-1A3956D46DE8}") = "Reminder", "Reminder", "{47DE46C8-D9AD-4A52-A841-B1D62DFE39A3}"
EndProject
Project("{9A19103F-16F7-4668-BE54-9A1E7A4F7556}") = "reminder", "..\..\projects\orleans\reminder\reminder.csproj", "{61947AFB-5C9B-44C8-AB03-0C14C5315063}"
EndProject
Project("{2150E333-8FDC-42A3-9474-1A3956D46DE8}") = "HelloWorld", "HelloWorld", "{130F3B21-6FA0-4F1A-B329-9534BDD8BF60}"
EndProject
Project("{2150E333-8FDC-42A3-9474-1A3956D46DE8}") = "Timer", "Timer", "{CD0352DA-1AF6-4F97-9123-E7EEB1A88F92}"
EndProject
Project("{9A19103F-16F7-4668-BE54-9A1E7A4F7556}") = "timer", "..\..\projects\orleans\timer\timer.csproj", "{C17BEDB5-A963-4AEA-A992-008D2C028BE7}"
EndProject
Project("{2150E333-8FDC-42A3-9474-1A3956D46DE8}") = "RssReaders", "RssReaders", "{FEF89F65-F73A-424E-B3BD-984EAEC85A4F}"
EndProject
Project("{9A19103F-16F7-4668-BE54-9A1E7A4F7556}") = "rss-reader", "..\..\projects\orleans\rss-reader\rss-reader.csproj", "{3066C67E-D022-42C7-A5BE-9372333202D8}"
EndProject
Project("{2150E333-8FDC-42A3-9474-1A3956D46DE8}") = "RssReader1", "RssReader1", "{F1510BB3-F889-4332-8E50-E4E872B4CA26}"
EndProject
Project("{2150E333-8FDC-42A3-9474-1A3956D46DE8}") = "RssReader2", "RssReader2", "{5EB4734A-0FE4-4374-898E-FE1A2B04F9CD}"
EndProject
Project("{2150E333-8FDC-42A3-9474-1A3956D46DE8}") = "RssReader3", "RssReader3", "{1E26CBAA-F861-4B2D-9C17-E05929AFD729}"
EndProject
Project("{2150E333-8FDC-42A3-9474-1A3956D46DE8}") = "RssReader4", "RssReader4", "{2B82703F-8695-4019-A768-FCD675A0F2DF}"
EndProject
Project("{2150E333-8FDC-42A3-9474-1A3956D46DE8}") = "RssReader5", "RssReader5", "{0E0CC409-2492-437D-8A29-14C2F7364BB8}"
EndProject
Project("{2150E333-8FDC-42A3-9474-1A3956D46DE8}") = "RssReader6", "RssReader6", "{B879D79C-DA8F-4D81-B833-CFC380662DCB}"
EndProject
Project("{9A19103F-16F7-4668-BE54-9A1E7A4F7556}") = "rss-reader-2", "..\..\projects\orleans\rss-reader-2\rss-reader-2.csproj", "{47C95E91-A56D-4614-B4A5-9930D2E28415}"
EndProject
Project("{9A19103F-16F7-4668-BE54-9A1E7A4F7556}") = "rss-reader-3", "..\..\projects\orleans\rss-reader-3\rss-reader-3.csproj", "{F415214C-14B7-434D-94A5-CC9C160E17E9}"
EndProject
Project("{9A19103F-16F7-4668-BE54-9A1E7A4F7556}") = "rss-reader-4", "..\..\projects\orleans\rss-reader-4\rss-reader-4.csproj", "{A35FABA1-7D32-4F4A-82A6-CB43A3B10E4E}"
EndProject
Project("{9A19103F-16F7-4668-BE54-9A1E7A4F7556}") = "rss-reader-5", "..\..\projects\orleans\rss-reader-5\rss-reader-5.csproj", "{1004A6B6-412F-4823-9C16-D76E37004D14}"
EndProject
Project("{9A19103F-16F7-4668-BE54-9A1E7A4F7556}") = "rss-reader-6", "..\..\projects\orleans\rss-reader-6\rss-reader-6.csproj", "{AF79AA81-24D2-4BDB-938F-F82F7686DEFF}"
EndProject
Project("{2150E333-8FDC-42A3-9474-1A3956D46DE8}") = "HttpClient", "HttpClient", "{38CC8F71-083F-49B9-BB7C-17B64362129C}"
EndProject
Project("{9A19103F-16F7-4668-BE54-9A1E7A4F7556}") = "http-client", "..\..\projects\orleans\http-client\http-client.csproj", "{40500900-8D5C-449D-8CE4-33F0C99CD393}"
EndProject
Project("{2150E333-8FDC-42A3-9474-1A3956D46DE8}") = "Orleans", "Orleans", "{976BC5D1-0FE3-4B47-B1F9-29546B49AA71}"
EndProject
Project("{2150E333-8FDC-42A3-9474-1A3956D46DE8}") = "PdfViewer", "PdfViewer", "{B77E5B0F-5737-4DD0-9A0B-3F51D239319D}"
EndProject
Project("{9A19103F-16F7-4668-BE54-9A1E7A4F7556}") = "pdf-viewer", "..\..\projects\mini\pdf-viewer\pdf-viewer.csproj", "{FE3056A4-6A99-4C47-B8F4-F2286BB32689}"
EndProject
Project("{2150E333-8FDC-42A3-9474-1A3956D46DE8}") = "OrleansMainSamples", "OrleansMainSamples", "{6DFC1AE1-78EB-4215-956E-71B88CC14393}"
EndProject
Project("{2150E333-8FDC-42A3-9474-1A3956D46DE8}") = "Adventure", "Adventure", "{B503F8FC-6127-4AFD-9FAF-8F36AE22ED70}"
EndProject
Project("{9A19103F-16F7-4668-BE54-9A1E7A4F7556}") = "AdventureClient", "orleansmainsamples\Adventure\AdventureClient\AdventureClient.csproj", "{F3E65CC0-489F-463B-A4B5-0BAD20579C40}"
EndProject
Project("{9A19103F-16F7-4668-BE54-9A1E7A4F7556}") = "AdventureGrainInterfaces", "orleansmainsamples\Adventure\AdventureGrainInterfaces\AdventureGrainInterfaces.csproj", "{83F0FEE2-F7DF-48BF-B172-155351E9F478}"
EndProject
Project("{9A19103F-16F7-4668-BE54-9A1E7A4F7556}") = "AdventureGrains", "orleansmainsamples\Adventure\AdventureGrains\AdventureGrains.csproj", "{F7D57A10-DEFB-4EA2-8B8F-EF9C860C357E}"
EndProject
Project("{9A19103F-16F7-4668-BE54-9A1E7A4F7556}") = "AdventureServer", "orleansmainsamples\Adventure\AdventureServer\AdventureServer.csproj", "{9FB26556-885E-462D-83CA-F4C1DC5FB2E6}"
EndProject
Project("{2150E333-8FDC-42A3-9474-1A3956D46DE8}") = "BankAccount", "BankAccount", "{84C047D4-C663-4E0B-99A5-9A6B698CE32F}"
EndProject
Project("{9A19103F-16F7-4668-BE54-9A1E7A4F7556}") = "AccountTransfer.Grains", "orleansmainsamples\BankAccount\AccountTransfer.Grains\AccountTransfer.Grains.csproj", "{13E206FF-B6E2-494D-A750-646A164B7FD2}"
EndProject
Project("{9A19103F-16F7-4668-BE54-9A1E7A4F7556}") = "AccountTransfer.Interfaces", "orleansmainsamples\BankAccount\AccountTransfer.Interfaces\AccountTransfer.Interfaces.csproj", "{1E5156F8-98E1-4EF8-93B8-8C43066661AA}"
EndProject
Project("{9A19103F-16F7-4668-BE54-9A1E7A4F7556}") = "BankClient", "orleansmainsamples\BankAccount\BankClient\BankClient.csproj", "{BA83CA77-8C9E-492D-BD9E-82151A131C73}"
EndProject
Project("{9A19103F-16F7-4668-BE54-9A1E7A4F7556}") = "BankServer", "orleansmainsamples\BankAccount\BankServer\BankServer.csproj", "{AC544AD0-2515-43D9-B290-08C6EC683287}"
EndProject
Project("{2150E333-8FDC-42A3-9474-1A3956D46DE8}") = "Chirper", "Chirper", "{03F7581D-E713-4608-B6A8-058D2E6A718F}"
	ProjectSection(SolutionItems) = preProject
		orleansmainsamples\Chirper\README.md = orleansmainsamples\Chirper\README.md
	EndProjectSection
EndProject
Project("{9A19103F-16F7-4668-BE54-9A1E7A4F7556}") = "Chirper.Client", "orleansmainsamples\Chirper\Chirper.Client\Chirper.Client.csproj", "{AE55F1C0-035F-45C7-8957-9F79BAE75EE8}"
EndProject
Project("{9A19103F-16F7-4668-BE54-9A1E7A4F7556}") = "Chirper.Grains", "orleansmainsamples\Chirper\Chirper.Grains\Chirper.Grains.csproj", "{93F9707E-3243-4A4E-BC9C-6D9024BA98F6}"
EndProject
Project("{9A19103F-16F7-4668-BE54-9A1E7A4F7556}") = "Chirper.Grains.Interfaces", "orleansmainsamples\Chirper\Chirper.Grains.Interfaces\Chirper.Grains.Interfaces.csproj", "{A552C414-1D04-47B5-A0E7-9CA17A6F9F11}"
EndProject
Project("{9A19103F-16F7-4668-BE54-9A1E7A4F7556}") = "Chirper.Server", "orleansmainsamples\Chirper\Chirper.Server\Chirper.Server.csproj", "{F513F9B1-DE2A-4DBB-B3F2-6CF1162A661F}"
EndProject
Project("{2150E333-8FDC-42A3-9474-1A3956D46DE8}") = "Presence", "Presence", "{0E34C6DD-F1D0-47A5-B11E-25FA5CFD4AD0}"
	ProjectSection(SolutionItems) = preProject
		orleansmainsamples\Presence\README.md = orleansmainsamples\Presence\README.md
	EndProjectSection
EndProject
Project("{9A19103F-16F7-4668-BE54-9A1E7A4F7556}") = "Grains", "orleansmainsamples\Presence\src\Grains\Grains.csproj", "{E03BEC58-64E0-4054-8D27-B73A87C7D990}"
EndProject
Project("{9A19103F-16F7-4668-BE54-9A1E7A4F7556}") = "Grains.Interfaces", "orleansmainsamples\Presence\src\Grains.Interfaces\Grains.Interfaces.csproj", "{FC10C5BB-2742-4074-B82E-C82602E47182}"
EndProject
Project("{9A19103F-16F7-4668-BE54-9A1E7A4F7556}") = "LoadGenerator", "orleansmainsamples\Presence\src\LoadGenerator\LoadGenerator.csproj", "{E6C25B02-B656-4B0F-8E9A-347CC34CF53D}"
EndProject
Project("{9A19103F-16F7-4668-BE54-9A1E7A4F7556}") = "PlayerWatcher", "orleansmainsamples\Presence\src\PlayerWatcher\PlayerWatcher.csproj", "{29F795E7-4EDD-482E-9C51-D43950F3B043}"
EndProject
Project("{9A19103F-16F7-4668-BE54-9A1E7A4F7556}") = "PresenceService", "orleansmainsamples\Presence\src\PresenceService\PresenceService.csproj", "{2E588F6A-4408-4C94-A16B-78B3510C765A}"
EndProject
Project("{2150E333-8FDC-42A3-9474-1A3956D46DE8}") = "Blazor", "Blazor", "{B95800A8-687A-43A9-BFB8-059D11783194}"
EndProject
Project("{2150E333-8FDC-42A3-9474-1A3956D46DE8}") = "BlazorWasm", "BlazorWasm", "{60F7D3FF-F5D8-485D-8F99-5F55BBE8AAA1}"
	ProjectSection(SolutionItems) = preProject
		orleansmainsamples\Blazor\BlazorWasm\README.md = orleansmainsamples\Blazor\BlazorWasm\README.md
	EndProjectSection
EndProject
Project("{2150E333-8FDC-42A3-9474-1A3956D46DE8}") = "BlazorServer", "BlazorServer", "{7D2087AB-D887-42C0-9ED0-013216544B31}"
EndProject
Project("{9A19103F-16F7-4668-BE54-9A1E7A4F7556}") = "BlazorServer", "orleansmainsamples\Blazor\BlazorServer\BlazorServer.csproj", "{A5AB9F19-6599-4345-A30D-BD53FD543B46}"
EndProject
Project("{9A19103F-16F7-4668-BE54-9A1E7A4F7556}") = "BlazorWasm.Client", "orleansmainsamples\Blazor\BlazorWasm\BlazorWasm.Client\BlazorWasm.Client.csproj", "{01023821-C43A-4F66-BE02-87068AA40841}"
EndProject
Project("{9A19103F-16F7-4668-BE54-9A1E7A4F7556}") = "BlazorWasm.Server", "orleansmainsamples\Blazor\BlazorWasm\BlazorWasm.Server\BlazorWasm.Server.csproj", "{24A4C333-FA22-48A5-824D-389EC3547AA2}"
EndProject
Project("{2150E333-8FDC-42A3-9474-1A3956D46DE8}") = "ChatRoom", "ChatRoom", "{A4DB59DF-5455-4D13-BCB7-28D09321A0B8}"
	ProjectSection(SolutionItems) = preProject
		orleansmainsamples\ChatRoom\README.md = orleansmainsamples\ChatRoom\README.md
	EndProjectSection
EndProject
Project("{9A19103F-16F7-4668-BE54-9A1E7A4F7556}") = "ChatRoom.Client", "orleansmainsamples\ChatRoom\ChatRoom.Client\ChatRoom.Client.csproj", "{799BA9CD-9FA5-4BF8-B4BE-2B77BE9EBE95}"
EndProject
Project("{9A19103F-16F7-4668-BE54-9A1E7A4F7556}") = "ChatRoom.Common", "orleansmainsamples\ChatRoom\ChatRoom.Common\ChatRoom.Common.csproj", "{F03A95F9-D322-49C7-B92B-D464EB6C5C2E}"
EndProject
Project("{9A19103F-16F7-4668-BE54-9A1E7A4F7556}") = "ChatRoom.Service", "orleansmainsamples\ChatRoom\ChatRoom.Service\ChatRoom.Service.csproj", "{F1C3B246-E5E9-4A27-A295-68CA281A1332}"
EndProject
Project("{2150E333-8FDC-42A3-9474-1A3956D46DE8}") = "GPSTracker", "GPSTracker", "{68E49835-5CC6-4941-A013-1C10EBFD76A5}"
	ProjectSection(SolutionItems) = preProject
		orleansmainsamples\GPSTracker\README.md = orleansmainsamples\GPSTracker\README.md
	EndProjectSection
EndProject
Project("{9A19103F-16F7-4668-BE54-9A1E7A4F7556}") = "GPSTracker.Common", "orleansmainsamples\GPSTracker\GPSTracker.Common\GPSTracker.Common.csproj", "{91DFF446-67F3-4B79-AFFE-D5C9E57E4B14}"
EndProject
Project("{9A19103F-16F7-4668-BE54-9A1E7A4F7556}") = "GPSTracker.FakeDeviceGateway", "orleansmainsamples\GPSTracker\GPSTracker.FakeDeviceGateway\GPSTracker.FakeDeviceGateway.csproj", "{4E23BB3A-9CF8-46D8-ADE0-0630F82F54FB}"
EndProject
Project("{9A19103F-16F7-4668-BE54-9A1E7A4F7556}") = "GPSTracker.Service", "orleansmainsamples\GPSTracker\GPSTracker.Service\GPSTracker.Service.csproj", "{EBA457BF-7442-4186-9847-10A6EEB41C44}"
EndProject
Project("{2150E333-8FDC-42A3-9474-1A3956D46DE8}") = "Stock", "Stock", "{EFDC0AD5-3A68-45E4-9193-D64D56CCDD7D}"
	ProjectSection(SolutionItems) = preProject
		orleansmainsamples\Stocks\README.md = orleansmainsamples\Stocks\README.md
	EndProjectSection
EndProject
Project("{9A19103F-16F7-4668-BE54-9A1E7A4F7556}") = "Stocks", "orleansmainsamples\Stocks\Stocks.csproj", "{D30956B1-F64D-4404-95E2-68BF87EC849E}"
EndProject
Project("{2150E333-8FDC-42A3-9474-1A3956D46DE8}") = "Streaming", "Streaming", "{EF338982-3EDA-4B75-A455-E741AD8A9DF8}"
	ProjectSection(SolutionItems) = preProject
		orleansmainsamples\Streaming\README.md = orleansmainsamples\Streaming\README.md
	EndProjectSection
EndProject
Project("{2150E333-8FDC-42A3-9474-1A3956D46DE8}") = "Common", "Common", "{80E9F20C-F05B-49C7-9C12-8E3808DD4A63}"
EndProject
Project("{9A19103F-16F7-4668-BE54-9A1E7A4F7556}") = "Common", "orleansmainsamples\Streaming\Common\Common.csproj", "{B28F1F3C-9303-47E4-8C31-ACD052AB1952}"
EndProject
Project("{2150E333-8FDC-42A3-9474-1A3956D46DE8}") = "CustomDataAdapter", "CustomDataAdapter", "{CA6139FF-42E6-4456-A4F0-A12817A4D832}"
	ProjectSection(SolutionItems) = preProject
		orleansmainsamples\Streaming\CustomDataAdapter\README.md = orleansmainsamples\Streaming\CustomDataAdapter\README.md
	EndProjectSection
EndProject
Project("{9A19103F-16F7-4668-BE54-9A1E7A4F7556}") = "GrainInterfaces", "orleansmainsamples\Streaming\CustomDataAdapter\GrainInterfaces\GrainInterfaces.csproj", "{9850D51B-013B-4A55-B584-1B8C2ED0B820}"
EndProject
Project("{9A19103F-16F7-4668-BE54-9A1E7A4F7556}") = "Grains", "orleansmainsamples\Streaming\CustomDataAdapter\Grains\Grains.csproj", "{ECC294EC-233F-40F9-A917-38BF88279D4F}"
EndProject
Project("{9A19103F-16F7-4668-BE54-9A1E7A4F7556}") = "NonOrleansClient", "orleansmainsamples\Streaming\CustomDataAdapter\NonOrleansClient\NonOrleansClient.csproj", "{BEC771FF-EE17-453F-B022-0326F7EABA4D}"
EndProject
Project("{9A19103F-16F7-4668-BE54-9A1E7A4F7556}") = "Silo", "orleansmainsamples\Streaming\CustomDataAdapter\Silo\Silo.csproj", "{62998C0F-187E-48DE-B031-AB452B536433}"
EndProject
Project("{2150E333-8FDC-42A3-9474-1A3956D46DE8}") = "Simple", "Simple", "{786BC0F0-306A-4C21-82A1-CEE373C5D959}"
	ProjectSection(SolutionItems) = preProject
		orleansmainsamples\Streaming\Simple\README.md = orleansmainsamples\Streaming\Simple\README.md
	EndProjectSection
EndProject
Project("{9A19103F-16F7-4668-BE54-9A1E7A4F7556}") = "Client", "orleansmainsamples\Streaming\Simple\Client\Client.csproj", "{2254ACAD-573A-4C1A-AF26-DC860467E244}"
EndProject
Project("{9A19103F-16F7-4668-BE54-9A1E7A4F7556}") = "GrainInterfaces", "orleansmainsamples\Streaming\Simple\GrainInterfaces\GrainInterfaces.csproj", "{7500C335-02D1-4B7C-89EC-FD20335638AF}"
EndProject
Project("{9A19103F-16F7-4668-BE54-9A1E7A4F7556}") = "Grains", "orleansmainsamples\Streaming\Simple\Grains\Grains.csproj", "{D9302515-6BFA-4355-99E8-7565B6835575}"
EndProject
Project("{9A19103F-16F7-4668-BE54-9A1E7A4F7556}") = "SiloHost", "orleansmainsamples\Streaming\Simple\SiloHost\SiloHost.csproj", "{CDD8E94F-B453-450E-B5F5-AC12963AAE91}"
EndProject
Project("{2150E333-8FDC-42A3-9474-1A3956D46DE8}") = "Voting", "Voting", "{9FD1A3A1-25F3-4AC1-B58D-E8B8E9DE27A4}"
	ProjectSection(SolutionItems) = preProject
		orleansmainsamples\Voting\deploy.ps1 = orleansmainsamples\Voting\deploy.ps1
		orleansmainsamples\Voting\deployment.yaml = orleansmainsamples\Voting\deployment.yaml
		orleansmainsamples\Voting\README.md = orleansmainsamples\Voting\README.md
	EndProjectSection
EndProject
Project("{9A19103F-16F7-4668-BE54-9A1E7A4F7556}") = "Voting", "orleansmainsamples\Voting\Voting.csproj", "{72FEE29A-74F3-4128-B16D-660AA96426FD}"
EndProject
Project("{2150E333-8FDC-42A3-9474-1A3956D46DE8}") = "TicTacToe", "TicTacToe", "{3DE46CC7-89D1-416C-A847-9CA03C63341E}"
	ProjectSection(SolutionItems) = preProject
		orleansmainsamples\TicTacToe\README.md = orleansmainsamples\TicTacToe\README.md
	EndProjectSection
EndProject
Project("{9A19103F-16F7-4668-BE54-9A1E7A4F7556}") = "TicTacToe", "orleansmainsamples\TicTacToe\TicTacToe.csproj", "{CD3D0FF0-6273-40DC-8C22-FE39385F5173}"
EndProject
Global
	GlobalSection(SolutionConfigurationPlatforms) = preSolution
		Debug|Any CPU = Debug|Any CPU
		Release|Any CPU = Release|Any CPU
	EndGlobalSection
	GlobalSection(ProjectConfigurationPlatforms) = postSolution
		{537B67A1-789F-49E4-A496-38162CD51F98}.Debug|Any CPU.ActiveCfg = Debug|Any CPU
		{537B67A1-789F-49E4-A496-38162CD51F98}.Debug|Any CPU.Build.0 = Debug|Any CPU
		{537B67A1-789F-49E4-A496-38162CD51F98}.Release|Any CPU.ActiveCfg = Release|Any CPU
		{537B67A1-789F-49E4-A496-38162CD51F98}.Release|Any CPU.Build.0 = Release|Any CPU
		{04437294-CF29-475E-8755-1591DDF6016A}.Debug|Any CPU.ActiveCfg = Debug|Any CPU
		{04437294-CF29-475E-8755-1591DDF6016A}.Debug|Any CPU.Build.0 = Debug|Any CPU
		{04437294-CF29-475E-8755-1591DDF6016A}.Release|Any CPU.ActiveCfg = Release|Any CPU
		{04437294-CF29-475E-8755-1591DDF6016A}.Release|Any CPU.Build.0 = Release|Any CPU
		{447701E3-39DF-4517-B304-CE22D8395681}.Debug|Any CPU.ActiveCfg = Debug|Any CPU
		{447701E3-39DF-4517-B304-CE22D8395681}.Debug|Any CPU.Build.0 = Debug|Any CPU
		{447701E3-39DF-4517-B304-CE22D8395681}.Release|Any CPU.ActiveCfg = Release|Any CPU
		{447701E3-39DF-4517-B304-CE22D8395681}.Release|Any CPU.Build.0 = Release|Any CPU
		{5AC672BE-B7DB-4CC3-BBD9-B32F7B3647C2}.Debug|Any CPU.ActiveCfg = Debug|Any CPU
		{5AC672BE-B7DB-4CC3-BBD9-B32F7B3647C2}.Debug|Any CPU.Build.0 = Debug|Any CPU
		{5AC672BE-B7DB-4CC3-BBD9-B32F7B3647C2}.Release|Any CPU.ActiveCfg = Release|Any CPU
		{5AC672BE-B7DB-4CC3-BBD9-B32F7B3647C2}.Release|Any CPU.Build.0 = Release|Any CPU
		{3CABD0BF-ABCD-4590-80DB-3B0A6D9AC035}.Debug|Any CPU.ActiveCfg = Debug|Any CPU
		{3CABD0BF-ABCD-4590-80DB-3B0A6D9AC035}.Debug|Any CPU.Build.0 = Debug|Any CPU
		{3CABD0BF-ABCD-4590-80DB-3B0A6D9AC035}.Release|Any CPU.ActiveCfg = Release|Any CPU
		{3CABD0BF-ABCD-4590-80DB-3B0A6D9AC035}.Release|Any CPU.Build.0 = Release|Any CPU
		{47A980A8-38A3-4551-A6A1-EF5FC8A1D73D}.Debug|Any CPU.ActiveCfg = Debug|Any CPU
		{47A980A8-38A3-4551-A6A1-EF5FC8A1D73D}.Debug|Any CPU.Build.0 = Debug|Any CPU
		{47A980A8-38A3-4551-A6A1-EF5FC8A1D73D}.Release|Any CPU.ActiveCfg = Release|Any CPU
		{47A980A8-38A3-4551-A6A1-EF5FC8A1D73D}.Release|Any CPU.Build.0 = Release|Any CPU
		{18C21570-BF31-4D3E-87D4-8B601477A079}.Debug|Any CPU.ActiveCfg = Debug|Any CPU
		{18C21570-BF31-4D3E-87D4-8B601477A079}.Debug|Any CPU.Build.0 = Debug|Any CPU
		{18C21570-BF31-4D3E-87D4-8B601477A079}.Release|Any CPU.ActiveCfg = Release|Any CPU
		{18C21570-BF31-4D3E-87D4-8B601477A079}.Release|Any CPU.Build.0 = Release|Any CPU
		{53BC9E22-FD01-4D9B-AE2B-80C2ECA2C305}.Debug|Any CPU.ActiveCfg = Debug|Any CPU
		{53BC9E22-FD01-4D9B-AE2B-80C2ECA2C305}.Debug|Any CPU.Build.0 = Debug|Any CPU
		{53BC9E22-FD01-4D9B-AE2B-80C2ECA2C305}.Release|Any CPU.ActiveCfg = Release|Any CPU
		{53BC9E22-FD01-4D9B-AE2B-80C2ECA2C305}.Release|Any CPU.Build.0 = Release|Any CPU
		{61947AFB-5C9B-44C8-AB03-0C14C5315063}.Debug|Any CPU.ActiveCfg = Debug|Any CPU
		{61947AFB-5C9B-44C8-AB03-0C14C5315063}.Debug|Any CPU.Build.0 = Debug|Any CPU
		{61947AFB-5C9B-44C8-AB03-0C14C5315063}.Release|Any CPU.ActiveCfg = Release|Any CPU
		{61947AFB-5C9B-44C8-AB03-0C14C5315063}.Release|Any CPU.Build.0 = Release|Any CPU
		{C17BEDB5-A963-4AEA-A992-008D2C028BE7}.Debug|Any CPU.ActiveCfg = Debug|Any CPU
		{C17BEDB5-A963-4AEA-A992-008D2C028BE7}.Debug|Any CPU.Build.0 = Debug|Any CPU
		{C17BEDB5-A963-4AEA-A992-008D2C028BE7}.Release|Any CPU.ActiveCfg = Release|Any CPU
		{C17BEDB5-A963-4AEA-A992-008D2C028BE7}.Release|Any CPU.Build.0 = Release|Any CPU
		{3066C67E-D022-42C7-A5BE-9372333202D8}.Debug|Any CPU.ActiveCfg = Debug|Any CPU
		{3066C67E-D022-42C7-A5BE-9372333202D8}.Debug|Any CPU.Build.0 = Debug|Any CPU
		{3066C67E-D022-42C7-A5BE-9372333202D8}.Release|Any CPU.ActiveCfg = Release|Any CPU
		{3066C67E-D022-42C7-A5BE-9372333202D8}.Release|Any CPU.Build.0 = Release|Any CPU
		{47C95E91-A56D-4614-B4A5-9930D2E28415}.Debug|Any CPU.ActiveCfg = Debug|Any CPU
		{47C95E91-A56D-4614-B4A5-9930D2E28415}.Debug|Any CPU.Build.0 = Debug|Any CPU
		{47C95E91-A56D-4614-B4A5-9930D2E28415}.Release|Any CPU.ActiveCfg = Release|Any CPU
		{47C95E91-A56D-4614-B4A5-9930D2E28415}.Release|Any CPU.Build.0 = Release|Any CPU
		{F415214C-14B7-434D-94A5-CC9C160E17E9}.Debug|Any CPU.ActiveCfg = Debug|Any CPU
		{F415214C-14B7-434D-94A5-CC9C160E17E9}.Debug|Any CPU.Build.0 = Debug|Any CPU
		{F415214C-14B7-434D-94A5-CC9C160E17E9}.Release|Any CPU.ActiveCfg = Release|Any CPU
		{F415214C-14B7-434D-94A5-CC9C160E17E9}.Release|Any CPU.Build.0 = Release|Any CPU
		{A35FABA1-7D32-4F4A-82A6-CB43A3B10E4E}.Debug|Any CPU.ActiveCfg = Debug|Any CPU
		{A35FABA1-7D32-4F4A-82A6-CB43A3B10E4E}.Debug|Any CPU.Build.0 = Debug|Any CPU
		{A35FABA1-7D32-4F4A-82A6-CB43A3B10E4E}.Release|Any CPU.ActiveCfg = Release|Any CPU
		{A35FABA1-7D32-4F4A-82A6-CB43A3B10E4E}.Release|Any CPU.Build.0 = Release|Any CPU
		{1004A6B6-412F-4823-9C16-D76E37004D14}.Debug|Any CPU.ActiveCfg = Debug|Any CPU
		{1004A6B6-412F-4823-9C16-D76E37004D14}.Debug|Any CPU.Build.0 = Debug|Any CPU
		{1004A6B6-412F-4823-9C16-D76E37004D14}.Release|Any CPU.ActiveCfg = Release|Any CPU
		{1004A6B6-412F-4823-9C16-D76E37004D14}.Release|Any CPU.Build.0 = Release|Any CPU
		{AF79AA81-24D2-4BDB-938F-F82F7686DEFF}.Debug|Any CPU.ActiveCfg = Debug|Any CPU
		{AF79AA81-24D2-4BDB-938F-F82F7686DEFF}.Debug|Any CPU.Build.0 = Debug|Any CPU
		{AF79AA81-24D2-4BDB-938F-F82F7686DEFF}.Release|Any CPU.ActiveCfg = Release|Any CPU
		{AF79AA81-24D2-4BDB-938F-F82F7686DEFF}.Release|Any CPU.Build.0 = Release|Any CPU
		{40500900-8D5C-449D-8CE4-33F0C99CD393}.Debug|Any CPU.ActiveCfg = Debug|Any CPU
		{40500900-8D5C-449D-8CE4-33F0C99CD393}.Debug|Any CPU.Build.0 = Debug|Any CPU
		{40500900-8D5C-449D-8CE4-33F0C99CD393}.Release|Any CPU.ActiveCfg = Release|Any CPU
		{40500900-8D5C-449D-8CE4-33F0C99CD393}.Release|Any CPU.Build.0 = Release|Any CPU
		{FE3056A4-6A99-4C47-B8F4-F2286BB32689}.Debug|Any CPU.ActiveCfg = Debug|Any CPU
		{FE3056A4-6A99-4C47-B8F4-F2286BB32689}.Debug|Any CPU.Build.0 = Debug|Any CPU
		{FE3056A4-6A99-4C47-B8F4-F2286BB32689}.Release|Any CPU.ActiveCfg = Release|Any CPU
		{FE3056A4-6A99-4C47-B8F4-F2286BB32689}.Release|Any CPU.Build.0 = Release|Any CPU
		{F3E65CC0-489F-463B-A4B5-0BAD20579C40}.Debug|Any CPU.ActiveCfg = Debug|Any CPU
		{F3E65CC0-489F-463B-A4B5-0BAD20579C40}.Debug|Any CPU.Build.0 = Debug|Any CPU
		{F3E65CC0-489F-463B-A4B5-0BAD20579C40}.Release|Any CPU.ActiveCfg = Release|Any CPU
		{F3E65CC0-489F-463B-A4B5-0BAD20579C40}.Release|Any CPU.Build.0 = Release|Any CPU
		{83F0FEE2-F7DF-48BF-B172-155351E9F478}.Debug|Any CPU.ActiveCfg = Debug|Any CPU
		{83F0FEE2-F7DF-48BF-B172-155351E9F478}.Debug|Any CPU.Build.0 = Debug|Any CPU
		{83F0FEE2-F7DF-48BF-B172-155351E9F478}.Release|Any CPU.ActiveCfg = Release|Any CPU
		{83F0FEE2-F7DF-48BF-B172-155351E9F478}.Release|Any CPU.Build.0 = Release|Any CPU
		{F7D57A10-DEFB-4EA2-8B8F-EF9C860C357E}.Debug|Any CPU.ActiveCfg = Debug|Any CPU
		{F7D57A10-DEFB-4EA2-8B8F-EF9C860C357E}.Debug|Any CPU.Build.0 = Debug|Any CPU
		{F7D57A10-DEFB-4EA2-8B8F-EF9C860C357E}.Release|Any CPU.ActiveCfg = Release|Any CPU
		{F7D57A10-DEFB-4EA2-8B8F-EF9C860C357E}.Release|Any CPU.Build.0 = Release|Any CPU
		{9FB26556-885E-462D-83CA-F4C1DC5FB2E6}.Debug|Any CPU.ActiveCfg = Debug|Any CPU
		{9FB26556-885E-462D-83CA-F4C1DC5FB2E6}.Debug|Any CPU.Build.0 = Debug|Any CPU
		{9FB26556-885E-462D-83CA-F4C1DC5FB2E6}.Release|Any CPU.ActiveCfg = Release|Any CPU
		{9FB26556-885E-462D-83CA-F4C1DC5FB2E6}.Release|Any CPU.Build.0 = Release|Any CPU
		{13E206FF-B6E2-494D-A750-646A164B7FD2}.Debug|Any CPU.ActiveCfg = Debug|Any CPU
		{13E206FF-B6E2-494D-A750-646A164B7FD2}.Debug|Any CPU.Build.0 = Debug|Any CPU
		{13E206FF-B6E2-494D-A750-646A164B7FD2}.Release|Any CPU.ActiveCfg = Release|Any CPU
		{13E206FF-B6E2-494D-A750-646A164B7FD2}.Release|Any CPU.Build.0 = Release|Any CPU
		{1E5156F8-98E1-4EF8-93B8-8C43066661AA}.Debug|Any CPU.ActiveCfg = Debug|Any CPU
		{1E5156F8-98E1-4EF8-93B8-8C43066661AA}.Debug|Any CPU.Build.0 = Debug|Any CPU
		{1E5156F8-98E1-4EF8-93B8-8C43066661AA}.Release|Any CPU.ActiveCfg = Release|Any CPU
		{1E5156F8-98E1-4EF8-93B8-8C43066661AA}.Release|Any CPU.Build.0 = Release|Any CPU
		{BA83CA77-8C9E-492D-BD9E-82151A131C73}.Debug|Any CPU.ActiveCfg = Debug|Any CPU
		{BA83CA77-8C9E-492D-BD9E-82151A131C73}.Debug|Any CPU.Build.0 = Debug|Any CPU
		{BA83CA77-8C9E-492D-BD9E-82151A131C73}.Release|Any CPU.ActiveCfg = Release|Any CPU
		{BA83CA77-8C9E-492D-BD9E-82151A131C73}.Release|Any CPU.Build.0 = Release|Any CPU
		{AC544AD0-2515-43D9-B290-08C6EC683287}.Debug|Any CPU.ActiveCfg = Debug|Any CPU
		{AC544AD0-2515-43D9-B290-08C6EC683287}.Debug|Any CPU.Build.0 = Debug|Any CPU
		{AC544AD0-2515-43D9-B290-08C6EC683287}.Release|Any CPU.ActiveCfg = Release|Any CPU
		{AC544AD0-2515-43D9-B290-08C6EC683287}.Release|Any CPU.Build.0 = Release|Any CPU
		{AE55F1C0-035F-45C7-8957-9F79BAE75EE8}.Debug|Any CPU.ActiveCfg = Debug|Any CPU
		{AE55F1C0-035F-45C7-8957-9F79BAE75EE8}.Debug|Any CPU.Build.0 = Debug|Any CPU
		{AE55F1C0-035F-45C7-8957-9F79BAE75EE8}.Release|Any CPU.ActiveCfg = Release|Any CPU
		{AE55F1C0-035F-45C7-8957-9F79BAE75EE8}.Release|Any CPU.Build.0 = Release|Any CPU
		{93F9707E-3243-4A4E-BC9C-6D9024BA98F6}.Debug|Any CPU.ActiveCfg = Debug|Any CPU
		{93F9707E-3243-4A4E-BC9C-6D9024BA98F6}.Debug|Any CPU.Build.0 = Debug|Any CPU
		{93F9707E-3243-4A4E-BC9C-6D9024BA98F6}.Release|Any CPU.ActiveCfg = Release|Any CPU
		{93F9707E-3243-4A4E-BC9C-6D9024BA98F6}.Release|Any CPU.Build.0 = Release|Any CPU
		{A552C414-1D04-47B5-A0E7-9CA17A6F9F11}.Debug|Any CPU.ActiveCfg = Debug|Any CPU
		{A552C414-1D04-47B5-A0E7-9CA17A6F9F11}.Debug|Any CPU.Build.0 = Debug|Any CPU
		{A552C414-1D04-47B5-A0E7-9CA17A6F9F11}.Release|Any CPU.ActiveCfg = Release|Any CPU
		{A552C414-1D04-47B5-A0E7-9CA17A6F9F11}.Release|Any CPU.Build.0 = Release|Any CPU
		{F513F9B1-DE2A-4DBB-B3F2-6CF1162A661F}.Debug|Any CPU.ActiveCfg = Debug|Any CPU
		{F513F9B1-DE2A-4DBB-B3F2-6CF1162A661F}.Debug|Any CPU.Build.0 = Debug|Any CPU
		{F513F9B1-DE2A-4DBB-B3F2-6CF1162A661F}.Release|Any CPU.ActiveCfg = Release|Any CPU
		{F513F9B1-DE2A-4DBB-B3F2-6CF1162A661F}.Release|Any CPU.Build.0 = Release|Any CPU
		{E03BEC58-64E0-4054-8D27-B73A87C7D990}.Debug|Any CPU.ActiveCfg = Debug|Any CPU
		{E03BEC58-64E0-4054-8D27-B73A87C7D990}.Debug|Any CPU.Build.0 = Debug|Any CPU
		{E03BEC58-64E0-4054-8D27-B73A87C7D990}.Release|Any CPU.ActiveCfg = Release|Any CPU
		{E03BEC58-64E0-4054-8D27-B73A87C7D990}.Release|Any CPU.Build.0 = Release|Any CPU
		{FC10C5BB-2742-4074-B82E-C82602E47182}.Debug|Any CPU.ActiveCfg = Debug|Any CPU
		{FC10C5BB-2742-4074-B82E-C82602E47182}.Debug|Any CPU.Build.0 = Debug|Any CPU
		{FC10C5BB-2742-4074-B82E-C82602E47182}.Release|Any CPU.ActiveCfg = Release|Any CPU
		{FC10C5BB-2742-4074-B82E-C82602E47182}.Release|Any CPU.Build.0 = Release|Any CPU
		{E6C25B02-B656-4B0F-8E9A-347CC34CF53D}.Debug|Any CPU.ActiveCfg = Debug|Any CPU
		{E6C25B02-B656-4B0F-8E9A-347CC34CF53D}.Debug|Any CPU.Build.0 = Debug|Any CPU
		{E6C25B02-B656-4B0F-8E9A-347CC34CF53D}.Release|Any CPU.ActiveCfg = Release|Any CPU
		{E6C25B02-B656-4B0F-8E9A-347CC34CF53D}.Release|Any CPU.Build.0 = Release|Any CPU
		{29F795E7-4EDD-482E-9C51-D43950F3B043}.Debug|Any CPU.ActiveCfg = Debug|Any CPU
		{29F795E7-4EDD-482E-9C51-D43950F3B043}.Debug|Any CPU.Build.0 = Debug|Any CPU
		{29F795E7-4EDD-482E-9C51-D43950F3B043}.Release|Any CPU.ActiveCfg = Release|Any CPU
		{29F795E7-4EDD-482E-9C51-D43950F3B043}.Release|Any CPU.Build.0 = Release|Any CPU
		{2E588F6A-4408-4C94-A16B-78B3510C765A}.Debug|Any CPU.ActiveCfg = Debug|Any CPU
		{2E588F6A-4408-4C94-A16B-78B3510C765A}.Debug|Any CPU.Build.0 = Debug|Any CPU
		{2E588F6A-4408-4C94-A16B-78B3510C765A}.Release|Any CPU.ActiveCfg = Release|Any CPU
		{2E588F6A-4408-4C94-A16B-78B3510C765A}.Release|Any CPU.Build.0 = Release|Any CPU
		{A5AB9F19-6599-4345-A30D-BD53FD543B46}.Debug|Any CPU.ActiveCfg = Debug|Any CPU
		{A5AB9F19-6599-4345-A30D-BD53FD543B46}.Debug|Any CPU.Build.0 = Debug|Any CPU
		{A5AB9F19-6599-4345-A30D-BD53FD543B46}.Release|Any CPU.ActiveCfg = Release|Any CPU
		{A5AB9F19-6599-4345-A30D-BD53FD543B46}.Release|Any CPU.Build.0 = Release|Any CPU
		{01023821-C43A-4F66-BE02-87068AA40841}.Debug|Any CPU.ActiveCfg = Debug|Any CPU
		{01023821-C43A-4F66-BE02-87068AA40841}.Debug|Any CPU.Build.0 = Debug|Any CPU
		{01023821-C43A-4F66-BE02-87068AA40841}.Release|Any CPU.ActiveCfg = Release|Any CPU
		{01023821-C43A-4F66-BE02-87068AA40841}.Release|Any CPU.Build.0 = Release|Any CPU
		{24A4C333-FA22-48A5-824D-389EC3547AA2}.Debug|Any CPU.ActiveCfg = Debug|Any CPU
		{24A4C333-FA22-48A5-824D-389EC3547AA2}.Debug|Any CPU.Build.0 = Debug|Any CPU
		{24A4C333-FA22-48A5-824D-389EC3547AA2}.Release|Any CPU.ActiveCfg = Release|Any CPU
		{24A4C333-FA22-48A5-824D-389EC3547AA2}.Release|Any CPU.Build.0 = Release|Any CPU
		{799BA9CD-9FA5-4BF8-B4BE-2B77BE9EBE95}.Debug|Any CPU.ActiveCfg = Debug|Any CPU
		{799BA9CD-9FA5-4BF8-B4BE-2B77BE9EBE95}.Debug|Any CPU.Build.0 = Debug|Any CPU
		{799BA9CD-9FA5-4BF8-B4BE-2B77BE9EBE95}.Release|Any CPU.ActiveCfg = Release|Any CPU
		{799BA9CD-9FA5-4BF8-B4BE-2B77BE9EBE95}.Release|Any CPU.Build.0 = Release|Any CPU
		{F03A95F9-D322-49C7-B92B-D464EB6C5C2E}.Debug|Any CPU.ActiveCfg = Debug|Any CPU
		{F03A95F9-D322-49C7-B92B-D464EB6C5C2E}.Debug|Any CPU.Build.0 = Debug|Any CPU
		{F03A95F9-D322-49C7-B92B-D464EB6C5C2E}.Release|Any CPU.ActiveCfg = Release|Any CPU
		{F03A95F9-D322-49C7-B92B-D464EB6C5C2E}.Release|Any CPU.Build.0 = Release|Any CPU
		{F1C3B246-E5E9-4A27-A295-68CA281A1332}.Debug|Any CPU.ActiveCfg = Debug|Any CPU
		{F1C3B246-E5E9-4A27-A295-68CA281A1332}.Debug|Any CPU.Build.0 = Debug|Any CPU
		{F1C3B246-E5E9-4A27-A295-68CA281A1332}.Release|Any CPU.ActiveCfg = Release|Any CPU
		{F1C3B246-E5E9-4A27-A295-68CA281A1332}.Release|Any CPU.Build.0 = Release|Any CPU
		{91DFF446-67F3-4B79-AFFE-D5C9E57E4B14}.Debug|Any CPU.ActiveCfg = Debug|Any CPU
		{91DFF446-67F3-4B79-AFFE-D5C9E57E4B14}.Debug|Any CPU.Build.0 = Debug|Any CPU
		{91DFF446-67F3-4B79-AFFE-D5C9E57E4B14}.Release|Any CPU.ActiveCfg = Release|Any CPU
		{91DFF446-67F3-4B79-AFFE-D5C9E57E4B14}.Release|Any CPU.Build.0 = Release|Any CPU
		{4E23BB3A-9CF8-46D8-ADE0-0630F82F54FB}.Debug|Any CPU.ActiveCfg = Debug|Any CPU
		{4E23BB3A-9CF8-46D8-ADE0-0630F82F54FB}.Debug|Any CPU.Build.0 = Debug|Any CPU
		{4E23BB3A-9CF8-46D8-ADE0-0630F82F54FB}.Release|Any CPU.ActiveCfg = Release|Any CPU
		{4E23BB3A-9CF8-46D8-ADE0-0630F82F54FB}.Release|Any CPU.Build.0 = Release|Any CPU
		{EBA457BF-7442-4186-9847-10A6EEB41C44}.Debug|Any CPU.ActiveCfg = Debug|Any CPU
		{EBA457BF-7442-4186-9847-10A6EEB41C44}.Debug|Any CPU.Build.0 = Debug|Any CPU
		{EBA457BF-7442-4186-9847-10A6EEB41C44}.Release|Any CPU.ActiveCfg = Release|Any CPU
		{EBA457BF-7442-4186-9847-10A6EEB41C44}.Release|Any CPU.Build.0 = Release|Any CPU
		{D30956B1-F64D-4404-95E2-68BF87EC849E}.Debug|Any CPU.ActiveCfg = Debug|Any CPU
		{D30956B1-F64D-4404-95E2-68BF87EC849E}.Debug|Any CPU.Build.0 = Debug|Any CPU
		{D30956B1-F64D-4404-95E2-68BF87EC849E}.Release|Any CPU.ActiveCfg = Release|Any CPU
		{D30956B1-F64D-4404-95E2-68BF87EC849E}.Release|Any CPU.Build.0 = Release|Any CPU
		{B28F1F3C-9303-47E4-8C31-ACD052AB1952}.Debug|Any CPU.ActiveCfg = Debug|Any CPU
		{B28F1F3C-9303-47E4-8C31-ACD052AB1952}.Debug|Any CPU.Build.0 = Debug|Any CPU
		{B28F1F3C-9303-47E4-8C31-ACD052AB1952}.Release|Any CPU.ActiveCfg = Release|Any CPU
		{B28F1F3C-9303-47E4-8C31-ACD052AB1952}.Release|Any CPU.Build.0 = Release|Any CPU
		{9850D51B-013B-4A55-B584-1B8C2ED0B820}.Debug|Any CPU.ActiveCfg = Debug|Any CPU
		{9850D51B-013B-4A55-B584-1B8C2ED0B820}.Debug|Any CPU.Build.0 = Debug|Any CPU
		{9850D51B-013B-4A55-B584-1B8C2ED0B820}.Release|Any CPU.ActiveCfg = Release|Any CPU
		{9850D51B-013B-4A55-B584-1B8C2ED0B820}.Release|Any CPU.Build.0 = Release|Any CPU
		{ECC294EC-233F-40F9-A917-38BF88279D4F}.Debug|Any CPU.ActiveCfg = Debug|Any CPU
		{ECC294EC-233F-40F9-A917-38BF88279D4F}.Debug|Any CPU.Build.0 = Debug|Any CPU
		{ECC294EC-233F-40F9-A917-38BF88279D4F}.Release|Any CPU.ActiveCfg = Release|Any CPU
		{ECC294EC-233F-40F9-A917-38BF88279D4F}.Release|Any CPU.Build.0 = Release|Any CPU
		{BEC771FF-EE17-453F-B022-0326F7EABA4D}.Debug|Any CPU.ActiveCfg = Debug|Any CPU
		{BEC771FF-EE17-453F-B022-0326F7EABA4D}.Debug|Any CPU.Build.0 = Debug|Any CPU
		{BEC771FF-EE17-453F-B022-0326F7EABA4D}.Release|Any CPU.ActiveCfg = Release|Any CPU
		{BEC771FF-EE17-453F-B022-0326F7EABA4D}.Release|Any CPU.Build.0 = Release|Any CPU
		{62998C0F-187E-48DE-B031-AB452B536433}.Debug|Any CPU.ActiveCfg = Debug|Any CPU
		{62998C0F-187E-48DE-B031-AB452B536433}.Debug|Any CPU.Build.0 = Debug|Any CPU
		{62998C0F-187E-48DE-B031-AB452B536433}.Release|Any CPU.ActiveCfg = Release|Any CPU
		{62998C0F-187E-48DE-B031-AB452B536433}.Release|Any CPU.Build.0 = Release|Any CPU
		{2254ACAD-573A-4C1A-AF26-DC860467E244}.Debug|Any CPU.ActiveCfg = Debug|Any CPU
		{2254ACAD-573A-4C1A-AF26-DC860467E244}.Debug|Any CPU.Build.0 = Debug|Any CPU
		{2254ACAD-573A-4C1A-AF26-DC860467E244}.Release|Any CPU.ActiveCfg = Release|Any CPU
		{2254ACAD-573A-4C1A-AF26-DC860467E244}.Release|Any CPU.Build.0 = Release|Any CPU
		{7500C335-02D1-4B7C-89EC-FD20335638AF}.Debug|Any CPU.ActiveCfg = Debug|Any CPU
		{7500C335-02D1-4B7C-89EC-FD20335638AF}.Debug|Any CPU.Build.0 = Debug|Any CPU
		{7500C335-02D1-4B7C-89EC-FD20335638AF}.Release|Any CPU.ActiveCfg = Release|Any CPU
		{7500C335-02D1-4B7C-89EC-FD20335638AF}.Release|Any CPU.Build.0 = Release|Any CPU
		{D9302515-6BFA-4355-99E8-7565B6835575}.Debug|Any CPU.ActiveCfg = Debug|Any CPU
		{D9302515-6BFA-4355-99E8-7565B6835575}.Debug|Any CPU.Build.0 = Debug|Any CPU
		{D9302515-6BFA-4355-99E8-7565B6835575}.Release|Any CPU.ActiveCfg = Release|Any CPU
		{D9302515-6BFA-4355-99E8-7565B6835575}.Release|Any CPU.Build.0 = Release|Any CPU
		{CDD8E94F-B453-450E-B5F5-AC12963AAE91}.Debug|Any CPU.ActiveCfg = Debug|Any CPU
		{CDD8E94F-B453-450E-B5F5-AC12963AAE91}.Debug|Any CPU.Build.0 = Debug|Any CPU
		{CDD8E94F-B453-450E-B5F5-AC12963AAE91}.Release|Any CPU.ActiveCfg = Release|Any CPU
		{CDD8E94F-B453-450E-B5F5-AC12963AAE91}.Release|Any CPU.Build.0 = Release|Any CPU
		{72FEE29A-74F3-4128-B16D-660AA96426FD}.Debug|Any CPU.ActiveCfg = Debug|Any CPU
		{72FEE29A-74F3-4128-B16D-660AA96426FD}.Debug|Any CPU.Build.0 = Debug|Any CPU
		{72FEE29A-74F3-4128-B16D-660AA96426FD}.Release|Any CPU.ActiveCfg = Release|Any CPU
		{72FEE29A-74F3-4128-B16D-660AA96426FD}.Release|Any CPU.Build.0 = Release|Any CPU
		{CD3D0FF0-6273-40DC-8C22-FE39385F5173}.Debug|Any CPU.ActiveCfg = Debug|Any CPU
		{CD3D0FF0-6273-40DC-8C22-FE39385F5173}.Debug|Any CPU.Build.0 = Debug|Any CPU
		{CD3D0FF0-6273-40DC-8C22-FE39385F5173}.Release|Any CPU.ActiveCfg = Release|Any CPU
		{CD3D0FF0-6273-40DC-8C22-FE39385F5173}.Release|Any CPU.Build.0 = Release|Any CPU
	EndGlobalSection
	GlobalSection(SolutionProperties) = preSolution
		HideSolutionNode = FALSE
	EndGlobalSection
	GlobalSection(NestedProjects) = preSolution
		{C32EE643-CC5A-4410-902C-8BE5C5829BBE} = {130F3B21-6FA0-4F1A-B329-9534BDD8BF60}
		{537B67A1-789F-49E4-A496-38162CD51F98} = {C32EE643-CC5A-4410-902C-8BE5C5829BBE}
		{04437294-CF29-475E-8755-1591DDF6016A} = {C32EE643-CC5A-4410-902C-8BE5C5829BBE}
		{447701E3-39DF-4517-B304-CE22D8395681} = {C32EE643-CC5A-4410-902C-8BE5C5829BBE}
		{14BD4E15-D2E2-4C10-B421-C3514EFA6852} = {130F3B21-6FA0-4F1A-B329-9534BDD8BF60}
		{5AC672BE-B7DB-4CC3-BBD9-B32F7B3647C2} = {14BD4E15-D2E2-4C10-B421-C3514EFA6852}
		{3CABD0BF-ABCD-4590-80DB-3B0A6D9AC035} = {14BD4E15-D2E2-4C10-B421-C3514EFA6852}
		{47A980A8-38A3-4551-A6A1-EF5FC8A1D73D} = {14BD4E15-D2E2-4C10-B421-C3514EFA6852}
		{5594721A-0113-4D56-8F45-16956F954791} = {130F3B21-6FA0-4F1A-B329-9534BDD8BF60}
		{18C21570-BF31-4D3E-87D4-8B601477A079} = {5594721A-0113-4D56-8F45-16956F954791}
		{0A2DD843-5CEA-4DD4-A2EF-8AF17675285E} = {130F3B21-6FA0-4F1A-B329-9534BDD8BF60}
		{53BC9E22-FD01-4D9B-AE2B-80C2ECA2C305} = {0A2DD843-5CEA-4DD4-A2EF-8AF17675285E}
		{47DE46C8-D9AD-4A52-A841-B1D62DFE39A3} = {976BC5D1-0FE3-4B47-B1F9-29546B49AA71}
		{61947AFB-5C9B-44C8-AB03-0C14C5315063} = {47DE46C8-D9AD-4A52-A841-B1D62DFE39A3}
		{130F3B21-6FA0-4F1A-B329-9534BDD8BF60} = {976BC5D1-0FE3-4B47-B1F9-29546B49AA71}
		{CD0352DA-1AF6-4F97-9123-E7EEB1A88F92} = {976BC5D1-0FE3-4B47-B1F9-29546B49AA71}
		{C17BEDB5-A963-4AEA-A992-008D2C028BE7} = {CD0352DA-1AF6-4F97-9123-E7EEB1A88F92}
		{FEF89F65-F73A-424E-B3BD-984EAEC85A4F} = {976BC5D1-0FE3-4B47-B1F9-29546B49AA71}
		{3066C67E-D022-42C7-A5BE-9372333202D8} = {F1510BB3-F889-4332-8E50-E4E872B4CA26}
		{F1510BB3-F889-4332-8E50-E4E872B4CA26} = {FEF89F65-F73A-424E-B3BD-984EAEC85A4F}
		{5EB4734A-0FE4-4374-898E-FE1A2B04F9CD} = {FEF89F65-F73A-424E-B3BD-984EAEC85A4F}
		{1E26CBAA-F861-4B2D-9C17-E05929AFD729} = {FEF89F65-F73A-424E-B3BD-984EAEC85A4F}
		{2B82703F-8695-4019-A768-FCD675A0F2DF} = {FEF89F65-F73A-424E-B3BD-984EAEC85A4F}
		{0E0CC409-2492-437D-8A29-14C2F7364BB8} = {FEF89F65-F73A-424E-B3BD-984EAEC85A4F}
		{B879D79C-DA8F-4D81-B833-CFC380662DCB} = {FEF89F65-F73A-424E-B3BD-984EAEC85A4F}
		{47C95E91-A56D-4614-B4A5-9930D2E28415} = {5EB4734A-0FE4-4374-898E-FE1A2B04F9CD}
		{F415214C-14B7-434D-94A5-CC9C160E17E9} = {1E26CBAA-F861-4B2D-9C17-E05929AFD729}
		{A35FABA1-7D32-4F4A-82A6-CB43A3B10E4E} = {2B82703F-8695-4019-A768-FCD675A0F2DF}
		{1004A6B6-412F-4823-9C16-D76E37004D14} = {0E0CC409-2492-437D-8A29-14C2F7364BB8}
		{AF79AA81-24D2-4BDB-938F-F82F7686DEFF} = {B879D79C-DA8F-4D81-B833-CFC380662DCB}
		{38CC8F71-083F-49B9-BB7C-17B64362129C} = {976BC5D1-0FE3-4B47-B1F9-29546B49AA71}
		{40500900-8D5C-449D-8CE4-33F0C99CD393} = {38CC8F71-083F-49B9-BB7C-17B64362129C}
		{FE3056A4-6A99-4C47-B8F4-F2286BB32689} = {B77E5B0F-5737-4DD0-9A0B-3F51D239319D}
		{B503F8FC-6127-4AFD-9FAF-8F36AE22ED70} = {6DFC1AE1-78EB-4215-956E-71B88CC14393}
		{F3E65CC0-489F-463B-A4B5-0BAD20579C40} = {B503F8FC-6127-4AFD-9FAF-8F36AE22ED70}
		{83F0FEE2-F7DF-48BF-B172-155351E9F478} = {B503F8FC-6127-4AFD-9FAF-8F36AE22ED70}
		{F7D57A10-DEFB-4EA2-8B8F-EF9C860C357E} = {B503F8FC-6127-4AFD-9FAF-8F36AE22ED70}
		{9FB26556-885E-462D-83CA-F4C1DC5FB2E6} = {B503F8FC-6127-4AFD-9FAF-8F36AE22ED70}
		{84C047D4-C663-4E0B-99A5-9A6B698CE32F} = {6DFC1AE1-78EB-4215-956E-71B88CC14393}
		{13E206FF-B6E2-494D-A750-646A164B7FD2} = {84C047D4-C663-4E0B-99A5-9A6B698CE32F}
		{1E5156F8-98E1-4EF8-93B8-8C43066661AA} = {84C047D4-C663-4E0B-99A5-9A6B698CE32F}
		{BA83CA77-8C9E-492D-BD9E-82151A131C73} = {84C047D4-C663-4E0B-99A5-9A6B698CE32F}
		{AC544AD0-2515-43D9-B290-08C6EC683287} = {84C047D4-C663-4E0B-99A5-9A6B698CE32F}
		{03F7581D-E713-4608-B6A8-058D2E6A718F} = {6DFC1AE1-78EB-4215-956E-71B88CC14393}
		{AE55F1C0-035F-45C7-8957-9F79BAE75EE8} = {03F7581D-E713-4608-B6A8-058D2E6A718F}
		{93F9707E-3243-4A4E-BC9C-6D9024BA98F6} = {03F7581D-E713-4608-B6A8-058D2E6A718F}
		{A552C414-1D04-47B5-A0E7-9CA17A6F9F11} = {03F7581D-E713-4608-B6A8-058D2E6A718F}
		{F513F9B1-DE2A-4DBB-B3F2-6CF1162A661F} = {03F7581D-E713-4608-B6A8-058D2E6A718F}
		{0E34C6DD-F1D0-47A5-B11E-25FA5CFD4AD0} = {6DFC1AE1-78EB-4215-956E-71B88CC14393}
		{E03BEC58-64E0-4054-8D27-B73A87C7D990} = {0E34C6DD-F1D0-47A5-B11E-25FA5CFD4AD0}
		{FC10C5BB-2742-4074-B82E-C82602E47182} = {0E34C6DD-F1D0-47A5-B11E-25FA5CFD4AD0}
		{E6C25B02-B656-4B0F-8E9A-347CC34CF53D} = {0E34C6DD-F1D0-47A5-B11E-25FA5CFD4AD0}
		{29F795E7-4EDD-482E-9C51-D43950F3B043} = {0E34C6DD-F1D0-47A5-B11E-25FA5CFD4AD0}
		{2E588F6A-4408-4C94-A16B-78B3510C765A} = {0E34C6DD-F1D0-47A5-B11E-25FA5CFD4AD0}
		{B95800A8-687A-43A9-BFB8-059D11783194} = {6DFC1AE1-78EB-4215-956E-71B88CC14393}
		{60F7D3FF-F5D8-485D-8F99-5F55BBE8AAA1} = {B95800A8-687A-43A9-BFB8-059D11783194}
		{7D2087AB-D887-42C0-9ED0-013216544B31} = {B95800A8-687A-43A9-BFB8-059D11783194}
		{A5AB9F19-6599-4345-A30D-BD53FD543B46} = {7D2087AB-D887-42C0-9ED0-013216544B31}
		{01023821-C43A-4F66-BE02-87068AA40841} = {60F7D3FF-F5D8-485D-8F99-5F55BBE8AAA1}
		{24A4C333-FA22-48A5-824D-389EC3547AA2} = {60F7D3FF-F5D8-485D-8F99-5F55BBE8AAA1}
		{A4DB59DF-5455-4D13-BCB7-28D09321A0B8} = {6DFC1AE1-78EB-4215-956E-71B88CC14393}
		{799BA9CD-9FA5-4BF8-B4BE-2B77BE9EBE95} = {A4DB59DF-5455-4D13-BCB7-28D09321A0B8}
		{F03A95F9-D322-49C7-B92B-D464EB6C5C2E} = {A4DB59DF-5455-4D13-BCB7-28D09321A0B8}
		{F1C3B246-E5E9-4A27-A295-68CA281A1332} = {A4DB59DF-5455-4D13-BCB7-28D09321A0B8}
		{68E49835-5CC6-4941-A013-1C10EBFD76A5} = {6DFC1AE1-78EB-4215-956E-71B88CC14393}
		{91DFF446-67F3-4B79-AFFE-D5C9E57E4B14} = {68E49835-5CC6-4941-A013-1C10EBFD76A5}
		{4E23BB3A-9CF8-46D8-ADE0-0630F82F54FB} = {68E49835-5CC6-4941-A013-1C10EBFD76A5}
		{EBA457BF-7442-4186-9847-10A6EEB41C44} = {68E49835-5CC6-4941-A013-1C10EBFD76A5}
		{EFDC0AD5-3A68-45E4-9193-D64D56CCDD7D} = {6DFC1AE1-78EB-4215-956E-71B88CC14393}
		{D30956B1-F64D-4404-95E2-68BF87EC849E} = {EFDC0AD5-3A68-45E4-9193-D64D56CCDD7D}
		{EF338982-3EDA-4B75-A455-E741AD8A9DF8} = {6DFC1AE1-78EB-4215-956E-71B88CC14393}
		{80E9F20C-F05B-49C7-9C12-8E3808DD4A63} = {EF338982-3EDA-4B75-A455-E741AD8A9DF8}
		{B28F1F3C-9303-47E4-8C31-ACD052AB1952} = {80E9F20C-F05B-49C7-9C12-8E3808DD4A63}
		{CA6139FF-42E6-4456-A4F0-A12817A4D832} = {EF338982-3EDA-4B75-A455-E741AD8A9DF8}
		{9850D51B-013B-4A55-B584-1B8C2ED0B820} = {CA6139FF-42E6-4456-A4F0-A12817A4D832}
		{ECC294EC-233F-40F9-A917-38BF88279D4F} = {CA6139FF-42E6-4456-A4F0-A12817A4D832}
		{BEC771FF-EE17-453F-B022-0326F7EABA4D} = {CA6139FF-42E6-4456-A4F0-A12817A4D832}
		{62998C0F-187E-48DE-B031-AB452B536433} = {CA6139FF-42E6-4456-A4F0-A12817A4D832}
		{786BC0F0-306A-4C21-82A1-CEE373C5D959} = {EF338982-3EDA-4B75-A455-E741AD8A9DF8}
		{2254ACAD-573A-4C1A-AF26-DC860467E244} = {786BC0F0-306A-4C21-82A1-CEE373C5D959}
		{7500C335-02D1-4B7C-89EC-FD20335638AF} = {786BC0F0-306A-4C21-82A1-CEE373C5D959}
		{D9302515-6BFA-4355-99E8-7565B6835575} = {786BC0F0-306A-4C21-82A1-CEE373C5D959}
		{CDD8E94F-B453-450E-B5F5-AC12963AAE91} = {786BC0F0-306A-4C21-82A1-CEE373C5D959}
		{9FD1A3A1-25F3-4AC1-B58D-E8B8E9DE27A4} = {6DFC1AE1-78EB-4215-956E-71B88CC14393}
		{72FEE29A-74F3-4128-B16D-660AA96426FD} = {9FD1A3A1-25F3-4AC1-B58D-E8B8E9DE27A4}
		{3DE46CC7-89D1-416C-A847-9CA03C63341E} = {6DFC1AE1-78EB-4215-956E-71B88CC14393}
		{CD3D0FF0-6273-40DC-8C22-FE39385F5173} = {3DE46CC7-89D1-416C-A847-9CA03C63341E}
	EndGlobalSection
	GlobalSection(ExtensibilityGlobals) = postSolution
		SolutionGuid = {7C36FC90-C117-44C5-A591-D57468A4EDF2}
	EndGlobalSection
EndGlobal
