
Microsoft Visual Studio Solution File, Format Version 12.00
# Visual Studio Version 17
VisualStudioVersion = 17.0.32014.148
MinimumVisualStudioVersion = 10.0.40219.1
Project("{2150E333-8FDC-42A3-9474-1A3956D46DE8}") = "HelloWorld1", "HelloWorld1", "{C32EE643-CC5A-4410-902C-8BE5C5829BBE}"
EndProject
Project("{9A19103F-16F7-4668-BE54-9A1E7A4F7556}") = "Client", "..\..\projects\orleans\hello-world\client\Client.csproj", "{537B67A1-789F-49E4-A496-38162CD51F98}"
EndProject
Project("{9A19103F-16F7-4668-BE54-9A1E7A4F7556}") = "Grains", "..\..\projects\orleans\hello-world\grains\Grains.csproj", "{04437294-CF29-475E-8755-1591DDF6016A}"
EndProject
Project("{9A19103F-16F7-4668-BE54-9A1E7A4F7556}") = "Silo", "..\..\projects\orleans\hello-world\silo\Silo.csproj", "{447701E3-39DF-4517-B304-CE22D8395681}"
EndProject
Project("{2150E333-8FDC-42A3-9474-1A3956D46DE8}") = "HelloWorld2", "HelloWorld2", "{14BD4E15-D2E2-4C10-B421-C3514EFA6852}"
EndProject
Project("{9A19103F-16F7-4668-BE54-9A1E7A4F7556}") = "Client", "..\..\projects\orleans\hello-world-2\client\Client.csproj", "{5AC672BE-B7DB-4CC3-BBD9-B32F7B3647C2}"
EndProject
Project("{9A19103F-16F7-4668-BE54-9A1E7A4F7556}") = "Grains", "..\..\projects\orleans\hello-world-2\grains\Grains.csproj", "{3CABD0BF-ABCD-4590-80DB-3B0A6D9AC035}"
EndProject
Project("{9A19103F-16F7-4668-BE54-9A1E7A4F7556}") = "Silo", "..\..\projects\orleans\hello-world-2\silo\Silo.csproj", "{47A980A8-38A3-4551-A6A1-EF5FC8A1D73D}"
EndProject
Project("{2150E333-8FDC-42A3-9474-1A3956D46DE8}") = "HelloWorld3", "HelloWorld3", "{5594721A-0113-4D56-8F45-16956F954791}"
EndProject
Project("{9A19103F-16F7-4668-BE54-9A1E7A4F7556}") = "hello-world", "..\..\projects\orleans\hello-world-3\hello-world.csproj", "{18C21570-BF31-4D3E-87D4-8B601477A079}"
EndProject
Project("{2150E333-8FDC-42A3-9474-1A3956D46DE8}") = "HelloWorld4", "HelloWorld4", "{0A2DD843-5CEA-4DD4-A2EF-8AF17675285E}"
EndProject
Project("{9A19103F-16F7-4668-BE54-9A1E7A4F7556}") = "hello-world", "..\..\projects\orleans\hello-world-4\hello-world.csproj", "{53BC9E22-FD01-4D9B-AE2B-80C2ECA2C305}"
EndProject
Project("{2150E333-8FDC-42A3-9474-1A3956D46DE8}") = "Reminder", "Reminder", "{47DE46C8-D9AD-4A52-A841-B1D62DFE39A3}"
EndProject
Project("{9A19103F-16F7-4668-BE54-9A1E7A4F7556}") = "reminder", "..\..\projects\orleans\reminder\reminder.csproj", "{61947AFB-5C9B-44C8-AB03-0C14C5315063}"
EndProject
Project("{2150E333-8FDC-42A3-9474-1A3956D46DE8}") = "HelloWorld", "HelloWorld", "{130F3B21-6FA0-4F1A-B329-9534BDD8BF60}"
EndProject
Project("{2150E333-8FDC-42A3-9474-1A3956D46DE8}") = "Timer", "Timer", "{CD0352DA-1AF6-4F97-9123-E7EEB1A88F92}"
EndProject
Project("{9A19103F-16F7-4668-BE54-9A1E7A4F7556}") = "timer", "..\..\projects\orleans\timer\timer.csproj", "{C17BEDB5-A963-4AEA-A992-008D2C028BE7}"
EndProject
Project("{2150E333-8FDC-42A3-9474-1A3956D46DE8}") = "RssReaders", "RssReaders", "{FEF89F65-F73A-424E-B3BD-984EAEC85A4F}"
EndProject
Project("{9A19103F-16F7-4668-BE54-9A1E7A4F7556}") = "rss-reader", "..\..\projects\orleans\rss-reader\rss-reader.csproj", "{3066C67E-D022-42C7-A5BE-9372333202D8}"
EndProject
Project("{2150E333-8FDC-42A3-9474-1A3956D46DE8}") = "RssReader1", "RssReader1", "{F1510BB3-F889-4332-8E50-E4E872B4CA26}"
EndProject
Project("{2150E333-8FDC-42A3-9474-1A3956D46DE8}") = "RssReader2", "RssReader2", "{5EB4734A-0FE4-4374-898E-FE1A2B04F9CD}"
EndProject
Project("{2150E333-8FDC-42A3-9474-1A3956D46DE8}") = "RssReader3", "RssReader3", "{1E26CBAA-F861-4B2D-9C17-E05929AFD729}"
EndProject
Project("{2150E333-8FDC-42A3-9474-1A3956D46DE8}") = "RssReader4", "RssReader4", "{2B82703F-8695-4019-A768-FCD675A0F2DF}"
EndProject
Project("{2150E333-8FDC-42A3-9474-1A3956D46DE8}") = "RssReader5", "RssReader5", "{0E0CC409-2492-437D-8A29-14C2F7364BB8}"
EndProject
Project("{2150E333-8FDC-42A3-9474-1A3956D46DE8}") = "RssReader6", "RssReader6", "{B879D79C-DA8F-4D81-B833-CFC380662DCB}"
EndProject
Project("{9A19103F-16F7-4668-BE54-9A1E7A4F7556}") = "rss-reader-2", "..\..\projects\orleans\rss-reader-2\rss-reader-2.csproj", "{47C95E91-A56D-4614-B4A5-9930D2E28415}"
EndProject
Project("{9A19103F-16F7-4668-BE54-9A1E7A4F7556}") = "rss-reader-3", "..\..\projects\orleans\rss-reader-3\rss-reader-3.csproj", "{F415214C-14B7-434D-94A5-CC9C160E17E9}"
EndProject
Project("{9A19103F-16F7-4668-BE54-9A1E7A4F7556}") = "rss-reader-4", "..\..\projects\orleans\rss-reader-4\rss-reader-4.csproj", "{A35FABA1-7D32-4F4A-82A6-CB43A3B10E4E}"
EndProject
Project("{9A19103F-16F7-4668-BE54-9A1E7A4F7556}") = "rss-reader-5", "..\..\projects\orleans\rss-reader-5\rss-reader-5.csproj", "{1004A6B6-412F-4823-9C16-D76E37004D14}"
EndProject
Project("{9A19103F-16F7-4668-BE54-9A1E7A4F7556}") = "rss-reader-6", "..\..\projects\orleans\rss-reader-6\rss-reader-6.csproj", "{AF79AA81-24D2-4BDB-938F-F82F7686DEFF}"
EndProject
Project("{2150E333-8FDC-42A3-9474-1A3956D46DE8}") = "HttpClient", "HttpClient", "{38CC8F71-083F-49B9-BB7C-17B64362129C}"
EndProject
Project("{9A19103F-16F7-4668-BE54-9A1E7A4F7556}") = "http-client", "..\..\projects\orleans\http-client\http-client.csproj", "{40500900-8D5C-449D-8CE4-33F0C99CD393}"
EndProject
Project("{2150E333-8FDC-42A3-9474-1A3956D46DE8}") = "Orleans", "Orleans", "{976BC5D1-0FE3-4B47-B1F9-29546B49AA71}"
EndProject
Global
	GlobalSection(SolutionConfigurationPlatforms) = preSolution
		Debug|Any CPU = Debug|Any CPU
		Release|Any CPU = Release|Any CPU
	EndGlobalSection
	GlobalSection(ProjectConfigurationPlatforms) = postSolution
		{537B67A1-789F-49E4-A496-38162CD51F98}.Debug|Any CPU.ActiveCfg = Debug|Any CPU
		{537B67A1-789F-49E4-A496-38162CD51F98}.Debug|Any CPU.Build.0 = Debug|Any CPU
		{537B67A1-789F-49E4-A496-38162CD51F98}.Release|Any CPU.ActiveCfg = Release|Any CPU
		{537B67A1-789F-49E4-A496-38162CD51F98}.Release|Any CPU.Build.0 = Release|Any CPU
		{04437294-CF29-475E-8755-1591DDF6016A}.Debug|Any CPU.ActiveCfg = Debug|Any CPU
		{04437294-CF29-475E-8755-1591DDF6016A}.Debug|Any CPU.Build.0 = Debug|Any CPU
		{04437294-CF29-475E-8755-1591DDF6016A}.Release|Any CPU.ActiveCfg = Release|Any CPU
		{04437294-CF29-475E-8755-1591DDF6016A}.Release|Any CPU.Build.0 = Release|Any CPU
		{447701E3-39DF-4517-B304-CE22D8395681}.Debug|Any CPU.ActiveCfg = Debug|Any CPU
		{447701E3-39DF-4517-B304-CE22D8395681}.Debug|Any CPU.Build.0 = Debug|Any CPU
		{447701E3-39DF-4517-B304-CE22D8395681}.Release|Any CPU.ActiveCfg = Release|Any CPU
		{447701E3-39DF-4517-B304-CE22D8395681}.Release|Any CPU.Build.0 = Release|Any CPU
		{5AC672BE-B7DB-4CC3-BBD9-B32F7B3647C2}.Debug|Any CPU.ActiveCfg = Debug|Any CPU
		{5AC672BE-B7DB-4CC3-BBD9-B32F7B3647C2}.Debug|Any CPU.Build.0 = Debug|Any CPU
		{5AC672BE-B7DB-4CC3-BBD9-B32F7B3647C2}.Release|Any CPU.ActiveCfg = Release|Any CPU
		{5AC672BE-B7DB-4CC3-BBD9-B32F7B3647C2}.Release|Any CPU.Build.0 = Release|Any CPU
		{3CABD0BF-ABCD-4590-80DB-3B0A6D9AC035}.Debug|Any CPU.ActiveCfg = Debug|Any CPU
		{3CABD0BF-ABCD-4590-80DB-3B0A6D9AC035}.Debug|Any CPU.Build.0 = Debug|Any CPU
		{3CABD0BF-ABCD-4590-80DB-3B0A6D9AC035}.Release|Any CPU.ActiveCfg = Release|Any CPU
		{3CABD0BF-ABCD-4590-80DB-3B0A6D9AC035}.Release|Any CPU.Build.0 = Release|Any CPU
		{47A980A8-38A3-4551-A6A1-EF5FC8A1D73D}.Debug|Any CPU.ActiveCfg = Debug|Any CPU
		{47A980A8-38A3-4551-A6A1-EF5FC8A1D73D}.Debug|Any CPU.Build.0 = Debug|Any CPU
		{47A980A8-38A3-4551-A6A1-EF5FC8A1D73D}.Release|Any CPU.ActiveCfg = Release|Any CPU
		{47A980A8-38A3-4551-A6A1-EF5FC8A1D73D}.Release|Any CPU.Build.0 = Release|Any CPU
		{18C21570-BF31-4D3E-87D4-8B601477A079}.Debug|Any CPU.ActiveCfg = Debug|Any CPU
		{18C21570-BF31-4D3E-87D4-8B601477A079}.Debug|Any CPU.Build.0 = Debug|Any CPU
		{18C21570-BF31-4D3E-87D4-8B601477A079}.Release|Any CPU.ActiveCfg = Release|Any CPU
		{18C21570-BF31-4D3E-87D4-8B601477A079}.Release|Any CPU.Build.0 = Release|Any CPU
		{53BC9E22-FD01-4D9B-AE2B-80C2ECA2C305}.Debug|Any CPU.ActiveCfg = Debug|Any CPU
		{53BC9E22-FD01-4D9B-AE2B-80C2ECA2C305}.Debug|Any CPU.Build.0 = Debug|Any CPU
		{53BC9E22-FD01-4D9B-AE2B-80C2ECA2C305}.Release|Any CPU.ActiveCfg = Release|Any CPU
		{53BC9E22-FD01-4D9B-AE2B-80C2ECA2C305}.Release|Any CPU.Build.0 = Release|Any CPU
		{61947AFB-5C9B-44C8-AB03-0C14C5315063}.Debug|Any CPU.ActiveCfg = Debug|Any CPU
		{61947AFB-5C9B-44C8-AB03-0C14C5315063}.Debug|Any CPU.Build.0 = Debug|Any CPU
		{61947AFB-5C9B-44C8-AB03-0C14C5315063}.Release|Any CPU.ActiveCfg = Release|Any CPU
		{61947AFB-5C9B-44C8-AB03-0C14C5315063}.Release|Any CPU.Build.0 = Release|Any CPU
		{C17BEDB5-A963-4AEA-A992-008D2C028BE7}.Debug|Any CPU.ActiveCfg = Debug|Any CPU
		{C17BEDB5-A963-4AEA-A992-008D2C028BE7}.Debug|Any CPU.Build.0 = Debug|Any CPU
		{C17BEDB5-A963-4AEA-A992-008D2C028BE7}.Release|Any CPU.ActiveCfg = Release|Any CPU
		{C17BEDB5-A963-4AEA-A992-008D2C028BE7}.Release|Any CPU.Build.0 = Release|Any CPU
		{3066C67E-D022-42C7-A5BE-9372333202D8}.Debug|Any CPU.ActiveCfg = Debug|Any CPU
		{3066C67E-D022-42C7-A5BE-9372333202D8}.Debug|Any CPU.Build.0 = Debug|Any CPU
		{3066C67E-D022-42C7-A5BE-9372333202D8}.Release|Any CPU.ActiveCfg = Release|Any CPU
		{3066C67E-D022-42C7-A5BE-9372333202D8}.Release|Any CPU.Build.0 = Release|Any CPU
		{47C95E91-A56D-4614-B4A5-9930D2E28415}.Debug|Any CPU.ActiveCfg = Debug|Any CPU
		{47C95E91-A56D-4614-B4A5-9930D2E28415}.Debug|Any CPU.Build.0 = Debug|Any CPU
		{47C95E91-A56D-4614-B4A5-9930D2E28415}.Release|Any CPU.ActiveCfg = Release|Any CPU
		{47C95E91-A56D-4614-B4A5-9930D2E28415}.Release|Any CPU.Build.0 = Release|Any CPU
		{F415214C-14B7-434D-94A5-CC9C160E17E9}.Debug|Any CPU.ActiveCfg = Debug|Any CPU
		{F415214C-14B7-434D-94A5-CC9C160E17E9}.Debug|Any CPU.Build.0 = Debug|Any CPU
		{F415214C-14B7-434D-94A5-CC9C160E17E9}.Release|Any CPU.ActiveCfg = Release|Any CPU
		{F415214C-14B7-434D-94A5-CC9C160E17E9}.Release|Any CPU.Build.0 = Release|Any CPU
		{A35FABA1-7D32-4F4A-82A6-CB43A3B10E4E}.Debug|Any CPU.ActiveCfg = Debug|Any CPU
		{A35FABA1-7D32-4F4A-82A6-CB43A3B10E4E}.Debug|Any CPU.Build.0 = Debug|Any CPU
		{A35FABA1-7D32-4F4A-82A6-CB43A3B10E4E}.Release|Any CPU.ActiveCfg = Release|Any CPU
		{A35FABA1-7D32-4F4A-82A6-CB43A3B10E4E}.Release|Any CPU.Build.0 = Release|Any CPU
		{1004A6B6-412F-4823-9C16-D76E37004D14}.Debug|Any CPU.ActiveCfg = Debug|Any CPU
		{1004A6B6-412F-4823-9C16-D76E37004D14}.Debug|Any CPU.Build.0 = Debug|Any CPU
		{1004A6B6-412F-4823-9C16-D76E37004D14}.Release|Any CPU.ActiveCfg = Release|Any CPU
		{1004A6B6-412F-4823-9C16-D76E37004D14}.Release|Any CPU.Build.0 = Release|Any CPU
		{AF79AA81-24D2-4BDB-938F-F82F7686DEFF}.Debug|Any CPU.ActiveCfg = Debug|Any CPU
		{AF79AA81-24D2-4BDB-938F-F82F7686DEFF}.Debug|Any CPU.Build.0 = Debug|Any CPU
		{AF79AA81-24D2-4BDB-938F-F82F7686DEFF}.Release|Any CPU.ActiveCfg = Release|Any CPU
		{AF79AA81-24D2-4BDB-938F-F82F7686DEFF}.Release|Any CPU.Build.0 = Release|Any CPU
		{40500900-8D5C-449D-8CE4-33F0C99CD393}.Debug|Any CPU.ActiveCfg = Debug|Any CPU
		{40500900-8D5C-449D-8CE4-33F0C99CD393}.Debug|Any CPU.Build.0 = Debug|Any CPU
		{40500900-8D5C-449D-8CE4-33F0C99CD393}.Release|Any CPU.ActiveCfg = Release|Any CPU
		{40500900-8D5C-449D-8CE4-33F0C99CD393}.Release|Any CPU.Build.0 = Release|Any CPU
	EndGlobalSection
	GlobalSection(SolutionProperties) = preSolution
		HideSolutionNode = FALSE
	EndGlobalSection
	GlobalSection(NestedProjects) = preSolution
		{C32EE643-CC5A-4410-902C-8BE5C5829BBE} = {130F3B21-6FA0-4F1A-B329-9534BDD8BF60}
		{537B67A1-789F-49E4-A496-38162CD51F98} = {C32EE643-CC5A-4410-902C-8BE5C5829BBE}
		{04437294-CF29-475E-8755-1591DDF6016A} = {C32EE643-CC5A-4410-902C-8BE5C5829BBE}
		{447701E3-39DF-4517-B304-CE22D8395681} = {C32EE643-CC5A-4410-902C-8BE5C5829BBE}
		{14BD4E15-D2E2-4C10-B421-C3514EFA6852} = {130F3B21-6FA0-4F1A-B329-9534BDD8BF60}
		{5AC672BE-B7DB-4CC3-BBD9-B32F7B3647C2} = {14BD4E15-D2E2-4C10-B421-C3514EFA6852}
		{3CABD0BF-ABCD-4590-80DB-3B0A6D9AC035} = {14BD4E15-D2E2-4C10-B421-C3514EFA6852}
		{47A980A8-38A3-4551-A6A1-EF5FC8A1D73D} = {14BD4E15-D2E2-4C10-B421-C3514EFA6852}
		{5594721A-0113-4D56-8F45-16956F954791} = {130F3B21-6FA0-4F1A-B329-9534BDD8BF60}
		{18C21570-BF31-4D3E-87D4-8B601477A079} = {5594721A-0113-4D56-8F45-16956F954791}
		{0A2DD843-5CEA-4DD4-A2EF-8AF17675285E} = {130F3B21-6FA0-4F1A-B329-9534BDD8BF60}
		{53BC9E22-FD01-4D9B-AE2B-80C2ECA2C305} = {0A2DD843-5CEA-4DD4-A2EF-8AF17675285E}
		{47DE46C8-D9AD-4A52-A841-B1D62DFE39A3} = {976BC5D1-0FE3-4B47-B1F9-29546B49AA71}
		{61947AFB-5C9B-44C8-AB03-0C14C5315063} = {47DE46C8-D9AD-4A52-A841-B1D62DFE39A3}
		{130F3B21-6FA0-4F1A-B329-9534BDD8BF60} = {976BC5D1-0FE3-4B47-B1F9-29546B49AA71}
		{CD0352DA-1AF6-4F97-9123-E7EEB1A88F92} = {976BC5D1-0FE3-4B47-B1F9-29546B49AA71}
		{C17BEDB5-A963-4AEA-A992-008D2C028BE7} = {CD0352DA-1AF6-4F97-9123-E7EEB1A88F92}
		{FEF89F65-F73A-424E-B3BD-984EAEC85A4F} = {976BC5D1-0FE3-4B47-B1F9-29546B49AA71}
		{3066C67E-D022-42C7-A5BE-9372333202D8} = {F1510BB3-F889-4332-8E50-E4E872B4CA26}
		{F1510BB3-F889-4332-8E50-E4E872B4CA26} = {FEF89F65-F73A-424E-B3BD-984EAEC85A4F}
		{5EB4734A-0FE4-4374-898E-FE1A2B04F9CD} = {FEF89F65-F73A-424E-B3BD-984EAEC85A4F}
		{1E26CBAA-F861-4B2D-9C17-E05929AFD729} = {FEF89F65-F73A-424E-B3BD-984EAEC85A4F}
		{2B82703F-8695-4019-A768-FCD675A0F2DF} = {FEF89F65-F73A-424E-B3BD-984EAEC85A4F}
		{0E0CC409-2492-437D-8A29-14C2F7364BB8} = {FEF89F65-F73A-424E-B3BD-984EAEC85A4F}
		{B879D79C-DA8F-4D81-B833-CFC380662DCB} = {FEF89F65-F73A-424E-B3BD-984EAEC85A4F}
		{47C95E91-A56D-4614-B4A5-9930D2E28415} = {5EB4734A-0FE4-4374-898E-FE1A2B04F9CD}
		{F415214C-14B7-434D-94A5-CC9C160E17E9} = {1E26CBAA-F861-4B2D-9C17-E05929AFD729}
		{A35FABA1-7D32-4F4A-82A6-CB43A3B10E4E} = {2B82703F-8695-4019-A768-FCD675A0F2DF}
		{1004A6B6-412F-4823-9C16-D76E37004D14} = {0E0CC409-2492-437D-8A29-14C2F7364BB8}
		{AF79AA81-24D2-4BDB-938F-F82F7686DEFF} = {B879D79C-DA8F-4D81-B833-CFC380662DCB}
		{38CC8F71-083F-49B9-BB7C-17B64362129C} = {976BC5D1-0FE3-4B47-B1F9-29546B49AA71}
		{40500900-8D5C-449D-8CE4-33F0C99CD393} = {38CC8F71-083F-49B9-BB7C-17B64362129C}
	EndGlobalSection
	GlobalSection(ExtensibilityGlobals) = postSolution
		SolutionGuid = {7C36FC90-C117-44C5-A591-D57468A4EDF2}
	EndGlobalSection
EndGlobal
